# This file is automatically @generated by Cargo.
# It is not intended for manual editing.
version = 4

[[package]]
name = "bytel"
version = "0.1.0"

[[package]]
name = "fileserver"
version = "0.1.0"
dependencies = [
 "bytel",
 "netw",
 "parser",
 "protocol",
 "protocol_spec",
 "rwfs",
]

[[package]]
name = "netw"
version = "0.1.0"

[[package]]
name = "packet"
version = "0.1.0"

[[package]]
name = "parser"
version = "0.1.0"
dependencies = [
 "packet",
 "protocol_spec",
]

[[package]]
name = "protocol"
version = "0.1.0"
dependencies = [
 "bytel",
 "packet",
 "protocol_spec",
]

[[package]]
name = "protocol_spec"
version = "0.1.0"

[[package]]
name = "rwfs"
version = "0.1.0"
